{
  "requires": true,
  "lockfileVersion": 1,
  "dependencies": {
    "sweetalert2": {
      "version": "9.14.4",
      "resolved": "https://registry.npmjs.org/sweetalert2/-/sweetalert2-9.14.4.tgz",
      "integrity": "sha512-+uqlHoK6BKgB2x9nhHFkNaugCfUnAJqZajtWPFVAP1B7a8PZ4ZUnjWjlFtjuJPWiXNu2s1XdACjnwP+PMXMlrg=="
    }
  }
}
